
Microsoft Visual Studio Solution File, Format Version 12.00
# Visual Studio Version 17
VisualStudioVersion = 17.2.32630.192
MinimumVisualStudioVersion = 10.0.40219.1
Project("{2150E333-8FDC-42A3-9474-1A3956D46DE8}") = "Solution Items", "Solution Items", "{E3289BA3-1A9F-49D3-89FF-B70F2A5FEDC1}"
	ProjectSection(SolutionItems) = preProject
		.editorconfig = .editorconfig
		.gitignore = .gitignore
		nuget.config = nuget.config
		README.md = README.md
	EndProjectSection
EndProject
Project("{9A19103F-16F7-4668-BE54-9A1E7A4F7556}") = "NetSendGridEmailClient.Web", "src\NetSendGridEmailClient.Web\NetSendGridEmailClient.Web.csproj", "{26B3F2FF-8975-4AD0-94C2-7048899D0483}"
EndProject
Project("{9A19103F-16F7-4668-BE54-9A1E7A4F7556}") = "NetSendGridEmailClient.Functions", "src\NetSendGridEmailClient.Functions\NetSendGridEmailClient.Functions.csproj", "{2366ADF0-BD55-4F54-A8A1-8142D7EEB820}"
EndProject
Project("{9A19103F-16F7-4668-BE54-9A1E7A4F7556}") = "NetSendGridEmailClient.Services", "src\NetSendGridEmailClient.Services\NetSendGridEmailClient.Services.csproj", "{A15B7107-1005-4729-831F-76EEB18A27B5}"
EndProject
Project("{9A19103F-16F7-4668-BE54-9A1E7A4F7556}") = "NetSendGridEmailClient.Models", "src\NetSendGridEmailClient.Models\NetSendGridEmailClient.Models.csproj", "{D35A31DF-69B6-443F-B72C-D814E10A29C6}"
EndProject
Project("{9A19103F-16F7-4668-BE54-9A1E7A4F7556}") = "NetSendGridEmailClient.Interface", "src\NetSendGridEmailClient.Interface\NetSendGridEmailClient.Interface.csproj", "{4C1CD97A-A57A-4505-9D17-75CFE17E4225}"
EndProject
Project("{9A19103F-16F7-4668-BE54-9A1E7A4F7556}") = "NetSendGridEmailClient.Functions.Tests", "src\NetSendGridEmailClient.Functions.Tests\NetSendGridEmailClient.Functions.Tests.csproj", "{9C4C7A76-A485-4B39-9E53-B00401D0FD81}"
EndProject
Project("{9A19103F-16F7-4668-BE54-9A1E7A4F7556}") = "NetSendGridEmailClient.Services.Tests", "src\NetSendGridEmailClient.Services.Tests\NetSendGridEmailClient.Services.Tests.csproj", "{D562DD26-5ECE-403A-8BEA-1165CF293FC5}"
EndProject
Global
	GlobalSection(SolutionConfigurationPlatforms) = preSolution
		Debug|Any CPU = Debug|Any CPU
		Release|Any CPU = Release|Any CPU
	EndGlobalSection
	GlobalSection(ProjectConfigurationPlatforms) = postSolution
		{26B3F2FF-8975-4AD0-94C2-7048899D0483}.Debug|Any CPU.ActiveCfg = Debug|Any CPU
		{26B3F2FF-8975-4AD0-94C2-7048899D0483}.Debug|Any CPU.Build.0 = Debug|Any CPU
		{26B3F2FF-8975-4AD0-94C2-7048899D0483}.Release|Any CPU.ActiveCfg = Release|Any CPU
		{26B3F2FF-8975-4AD0-94C2-7048899D0483}.Release|Any CPU.Build.0 = Release|Any CPU
		{2366ADF0-BD55-4F54-A8A1-8142D7EEB820}.Debug|Any CPU.ActiveCfg = Debug|Any CPU
		{2366ADF0-BD55-4F54-A8A1-8142D7EEB820}.Debug|Any CPU.Build.0 = Debug|Any CPU
		{2366ADF0-BD55-4F54-A8A1-8142D7EEB820}.Release|Any CPU.ActiveCfg = Release|Any CPU
		{2366ADF0-BD55-4F54-A8A1-8142D7EEB820}.Release|Any CPU.Build.0 = Release|Any CPU
		{A15B7107-1005-4729-831F-76EEB18A27B5}.Debug|Any CPU.ActiveCfg = Debug|Any CPU
		{A15B7107-1005-4729-831F-76EEB18A27B5}.Debug|Any CPU.Build.0 = Debug|Any CPU
		{A15B7107-1005-4729-831F-76EEB18A27B5}.Release|Any CPU.ActiveCfg = Release|Any CPU
		{A15B7107-1005-4729-831F-76EEB18A27B5}.Release|Any CPU.Build.0 = Release|Any CPU
		{D35A31DF-69B6-443F-B72C-D814E10A29C6}.Debug|Any CPU.ActiveCfg = Debug|Any CPU
		{D35A31DF-69B6-443F-B72C-D814E10A29C6}.Debug|Any CPU.Build.0 = Debug|Any CPU
		{D35A31DF-69B6-443F-B72C-D814E10A29C6}.Release|Any CPU.ActiveCfg = Release|Any CPU
		{D35A31DF-69B6-443F-B72C-D814E10A29C6}.Release|Any CPU.Build.0 = Release|Any CPU
		{4C1CD97A-A57A-4505-9D17-75CFE17E4225}.Debug|Any CPU.ActiveCfg = Debug|Any CPU
		{4C1CD97A-A57A-4505-9D17-75CFE17E4225}.Debug|Any CPU.Build.0 = Debug|Any CPU
		{4C1CD97A-A57A-4505-9D17-75CFE17E4225}.Release|Any CPU.ActiveCfg = Release|Any CPU
		{4C1CD97A-A57A-4505-9D17-75CFE17E4225}.Release|Any CPU.Build.0 = Release|Any CPU
		{9C4C7A76-A485-4B39-9E53-B00401D0FD81}.Debug|Any CPU.ActiveCfg = Debug|Any CPU
		{9C4C7A76-A485-4B39-9E53-B00401D0FD81}.Debug|Any CPU.Build.0 = Debug|Any CPU
		{9C4C7A76-A485-4B39-9E53-B00401D0FD81}.Release|Any CPU.ActiveCfg = Release|Any CPU
		{9C4C7A76-A485-4B39-9E53-B00401D0FD81}.Release|Any CPU.Build.0 = Release|Any CPU
		{D562DD26-5ECE-403A-8BEA-1165CF293FC5}.Debug|Any CPU.ActiveCfg = Debug|Any CPU
		{D562DD26-5ECE-403A-8BEA-1165CF293FC5}.Debug|Any CPU.Build.0 = Debug|Any CPU
		{D562DD26-5ECE-403A-8BEA-1165CF293FC5}.Release|Any CPU.ActiveCfg = Release|Any CPU
		{D562DD26-5ECE-403A-8BEA-1165CF293FC5}.Release|Any CPU.Build.0 = Release|Any CPU
	EndGlobalSection
	GlobalSection(SolutionProperties) = preSolution
		HideSolutionNode = FALSE
	EndGlobalSection
	GlobalSection(ExtensibilityGlobals) = postSolution
		SolutionGuid = {39205F0D-A3C3-4790-8D6A-7E2DA9E9AAF5}
	EndGlobalSection
EndGlobal
